
Microsoft Visual Studio Solution File, Format Version 12.00
# Visual Studio Version 17
VisualStudioVersion = 17.5.33516.290
MinimumVisualStudioVersion = 10.0.40219.1
Project("{9A19103F-16F7-4668-BE54-9A1E7A4F7556}") = "Website.Shared", "Website\Shared\Website.Shared.csproj", "{04901804-8F8E-45C7-9414-22B4C4B94C9D}"
EndProject
Project("{9A19103F-16F7-4668-BE54-9A1E7A4F7556}") = "Website.Client", "Website\Client\Website.Client.csproj", "{98E298DD-6965-464C-A4CC-E1A28D75B5E0}"
EndProject
Project("{9A19103F-16F7-4668-BE54-9A1E7A4F7556}") = "Website.Server", "Website\Server\Website.Server.csproj", "{8B71B647-85FC-4787-9363-4ACADD4356C1}"
EndProject
Global
	GlobalSection(SolutionConfigurationPlatforms) = preSolution
		Debug|Any CPU = Debug|Any CPU
		Release|Any CPU = Release|Any CPU
	EndGlobalSection
	GlobalSection(ProjectConfigurationPlatforms) = postSolution
		{04901804-8F8E-45C7-9414-22B4C4B94C9D}.Debug|Any CPU.ActiveCfg = Debug|Any CPU
		{04901804-8F8E-45C7-9414-22B4C4B94C9D}.Debug|Any CPU.Build.0 = Debug|Any CPU
		{04901804-8F8E-45C7-9414-22B4C4B94C9D}.Release|Any CPU.ActiveCfg = Release|Any CPU
		{04901804-8F8E-45C7-9414-22B4C4B94C9D}.Release|Any CPU.Build.0 = Release|Any CPU
		{98E298DD-6965-464C-A4CC-E1A28D75B5E0}.Debug|Any CPU.ActiveCfg = Debug|Any CPU
		{98E298DD-6965-464C-A4CC-E1A28D75B5E0}.Debug|Any CPU.Build.0 = Debug|Any CPU
		{98E298DD-6965-464C-A4CC-E1A28D75B5E0}.Release|Any CPU.ActiveCfg = Release|Any CPU
		{98E298DD-6965-464C-A4CC-E1A28D75B5E0}.Release|Any CPU.Build.0 = Release|Any CPU
		{8B71B647-85FC-4787-9363-4ACADD4356C1}.Debug|Any CPU.ActiveCfg = Debug|Any CPU
		{8B71B647-85FC-4787-9363-4ACADD4356C1}.Debug|Any CPU.Build.0 = Debug|Any CPU
		{8B71B647-85FC-4787-9363-4ACADD4356C1}.Release|Any CPU.ActiveCfg = Release|Any CPU
		{8B71B647-85FC-4787-9363-4ACADD4356C1}.Release|Any CPU.Build.0 = Release|Any CPU
	EndGlobalSection
	GlobalSection(SolutionProperties) = preSolution
		HideSolutionNode = FALSE
	EndGlobalSection
	GlobalSection(ExtensibilityGlobals) = postSolution
		SolutionGuid = {7FE05F01-5083-4819-B405-5593DBDC7965}
	EndGlobalSection
EndGlobal
